#MicroXplorer Configuration settings - do not modify
Dma.Request0=USART2_RX
Dma.Request1=USART2_TX
Dma.Request2=USART4_RX
Dma.Request3=USART4_TX
Dma.RequestsNb=4
Dma.USART2_RX.0.Direction=DMA_PERIPH_TO_MEMORY
Dma.USART2_RX.0.Instance=DMA1_Channel5
Dma.USART2_RX.0.MemDataAlignment=DMA_MDATAALIGN_BYTE
Dma.USART2_RX.0.MemInc=DMA_MINC_ENABLE
Dma.USART2_RX.0.Mode=DMA_CIRCULAR
Dma.USART2_RX.0.PeriphDataAlignment=DMA_PDATAALIGN_BYTE
Dma.USART2_RX.0.PeriphInc=DMA_PINC_DISABLE
Dma.USART2_RX.0.Priority=DMA_PRIORITY_LOW
Dma.USART2_RX.0.RequestParameters=Instance,Direction,PeriphInc,MemInc,PeriphDataAlignment,MemDataAlignment,Mode,Priority
Dma.USART2_TX.1.Direction=DMA_MEMORY_TO_PERIPH
Dma.USART2_TX.1.Instance=DMA1_Channel4
Dma.USART2_TX.1.MemDataAlignment=DMA_MDATAALIGN_BYTE
Dma.USART2_TX.1.MemInc=DMA_MINC_ENABLE
Dma.USART2_TX.1.Mode=DMA_NORMAL
Dma.USART2_TX.1.PeriphDataAlignment=DMA_PDATAALIGN_BYTE
Dma.USART2_TX.1.PeriphInc=DMA_PINC_DISABLE
Dma.USART2_TX.1.Priority=DMA_PRIORITY_LOW
Dma.USART2_TX.1.RequestParameters=Instance,Direction,PeriphInc,MemInc,PeriphDataAlignment,MemDataAlignment,Mode,Priority
Dma.USART4_RX.2.Direction=DMA_PERIPH_TO_MEMORY
Dma.USART4_RX.2.Instance=DMA1_Channel2
Dma.USART4_RX.2.MemDataAlignment=DMA_MDATAALIGN_BYTE
Dma.USART4_RX.2.MemInc=DMA_MINC_ENABLE
Dma.USART4_RX.2.Mode=DMA_CIRCULAR
Dma.USART4_RX.2.PeriphDataAlignment=DMA_PDATAALIGN_BYTE
Dma.USART4_RX.2.PeriphInc=DMA_PINC_DISABLE
Dma.USART4_RX.2.Priority=DMA_PRIORITY_LOW
Dma.USART4_RX.2.RequestParameters=Instance,Direction,PeriphInc,MemInc,PeriphDataAlignment,MemDataAlignment,Mode,Priority
Dma.USART4_TX.3.Direction=DMA_MEMORY_TO_PERIPH
Dma.USART4_TX.3.Instance=DMA1_Channel3
Dma.USART4_TX.3.MemDataAlignment=DMA_MDATAALIGN_BYTE
Dma.USART4_TX.3.MemInc=DMA_MINC_ENABLE
Dma.USART4_TX.3.Mode=DMA_NORMAL
Dma.USART4_TX.3.PeriphDataAlignment=DMA_PDATAALIGN_BYTE
Dma.USART4_TX.3.PeriphInc=DMA_PINC_DISABLE
Dma.USART4_TX.3.Priority=DMA_PRIORITY_LOW
Dma.USART4_TX.3.RequestParameters=Instance,Direction,PeriphInc,MemInc,PeriphDataAlignment,MemDataAlignment,Mode,Priority
FREERTOS.FootprintOK=true
FREERTOS.INCLUDE_vTaskDelayUntil=1
FREERTOS.IPParameters=Tasks01,configUSE_RECURSIVE_MUTEXES,FootprintOK,INCLUDE_vTaskDelayUntil,configTOTAL_HEAP_SIZE
FREERTOS.Tasks01=defaultTask,0,128,StartDefaultTask,Default
FREERTOS.configTOTAL_HEAP_SIZE=4096
FREERTOS.configUSE_RECURSIVE_MUTEXES=1
File.Version=6
KeepUserPlacement=false
Mcu.Family=STM32L0
Mcu.IP0=DMA
Mcu.IP1=FREERTOS
Mcu.IP2=NVIC
Mcu.IP3=RCC
Mcu.IP4=SYS
Mcu.IP5=TIM3
Mcu.IP6=USART2
Mcu.IP7=USART4
Mcu.IPNb=8
Mcu.Name=STM32L072V(B-Z)Tx
Mcu.Package=LQFP100
Mcu.Pin0=PE4
Mcu.Pin1=PE8
Mcu.Pin2=PE9
Mcu.Pin3=PD5
Mcu.Pin4=PD6
Mcu.Pin5=VP_FREERTOS_VS_ENABLE
Mcu.Pin6=VP_SYS_VS_Systick
Mcu.Pin7=VP_TIM3_VS_ClockSourceINT
Mcu.PinsNb=8
Mcu.UserConstants=
Mcu.UserName=STM32L072VZTx
MxCube.Version=4.15.0
MxDb.Version=DB.4.0.150
NVIC.DMA1_Channel2_3_IRQn=true\:3\:0\:false\:false\:true\:true
NVIC.DMA1_Channel4_5_6_7_IRQn=true\:3\:0\:false\:false\:true\:true
NVIC.HardFault_IRQn=true\:0\:0\:false\:false\:true\:false
NVIC.NonMaskableInt_IRQn=true\:0\:0\:false\:false\:true\:false
NVIC.PendSV_IRQn=true\:3\:0\:false\:false\:false\:true
NVIC.SVC_IRQn=true\:0\:0\:false\:false\:false\:false
NVIC.SysTick_IRQn=true\:3\:0\:false\:false\:true\:true
NVIC.TIM3_IRQn=true\:3\:0\:false\:false\:true\:true
NVIC.USART2_IRQn=true\:3\:0\:false\:false\:true\:true
NVIC.USART4_5_IRQn=true\:3\:0\:false\:false\:true\:true
PCC.Checker=true
PCC.Line=STM32L0x2
PCC.MCU=STM32L072V(B-Z)Tx
PCC.MXVersion=4.15.0
PCC.PartNumber=STM32L072VZTx
PCC.Seq0=0
PCC.Series=STM32L0
PCC.Temperature=25
PCC.Vdd=3.0
PD5.Locked=true
PD5.Mode=Asynchronous
PD5.Signal=USART2_TX
PD6.Locked=true
PD6.Mode=Asynchronous
PD6.Signal=USART2_RX
PE4.GPIOParameters=GPIO_Label
PE4.GPIO_Label=LED LD1
PE4.Locked=true
PE4.Signal=GPIO_Output
PE8.Locked=true
PE8.Mode=Asynchronous
PE8.Signal=USART4_TX
PE9.Locked=true
PE9.Mode=Asynchronous
PE9.Signal=USART4_RX
ProjectManager.AskForMigrate=true
ProjectManager.BackupPrevious=false
ProjectManager.CompilerOptimize=2
ProjectManager.ComputerToolchain=false
ProjectManager.CoupleFile=true
ProjectManager.DeletePrevious=true
ProjectManager.DeviceId=STM32L072VZTx
ProjectManager.FirmwarePackage=STM32Cube FW_L0 V1.6.0
ProjectManager.FreePins=false
ProjectManager.HalAssertFull=false
ProjectManager.HeapSize=0x200
ProjectManager.KeepUserCode=true
ProjectManager.LastFirmware=true
ProjectManager.LibraryCopy=1
ProjectManager.PreviousToolchain=
ProjectManager.ProjectBuild=false
ProjectManager.ProjectFileName=demo.ioc
ProjectManager.ProjectName=demo
ProjectManager.StackSize=0x400
ProjectManager.TargetToolchain=MDK-ARM V5
ProjectManager.ToolChainLocation=C\:\\Projects-ES\\eaton\\modbus\\demo
ProjectManager.UnderRoot=false
ProjectManager.functionlistsort=1-MX_GPIO_Init-GPIO-false,2-MX_DMA_Init-DMA-false,3-MX_USART2_UART_Init-USART2-true,4-MX_USART4_UART_Init-USART4-true,5-MX_TIM3_Init-TIM3-false
RCC.48CLKFreq_Value=24000000
RCC.AHBFreq_Value=2097000
RCC.APB1Freq_Value=2097000
RCC.APB1TimFreq_Value=2097000
RCC.APB2Freq_Value=2097000
RCC.APB2TimFreq_Value=2097000
RCC.FamilyName=M
RCC.HSE_VALUE=8000000
RCC.HSI16_VALUE=16000000
RCC.HSI48_VALUE=48000000
RCC.HSI_VALUE=16000000
RCC.I2C1Freq_Value=2097000
RCC.I2C3Freq_Value=2097000
RCC.IPParameters=48CLKFreq_Value,AHBFreq_Value,APB1Freq_Value,APB1TimFreq_Value,APB2Freq_Value,APB2TimFreq_Value,FamilyName,HSE_VALUE,HSI16_VALUE,HSI48_VALUE,HSI_VALUE,I2C1Freq_Value,I2C3Freq_Value,LPTIMFreq_Value,LPUARTFreq_Value,LSE_VALUE,LSI_VALUE,MSI_VALUE,PLLCLKFreq_Value,PWRFreq_Value,RTCFreq_Value,RTCHSEDivFreq_Value,SYSCLKFreq_VALUE,TIMFreq_Value,USART1Freq_Value,USART2Freq_Value,VCOOutputFreq_Value,WatchDogFreq_Value
RCC.LPTIMFreq_Value=2097000
RCC.LPUARTFreq_Value=2097000
RCC.LSE_VALUE=32768
RCC.LSI_VALUE=37000
RCC.MSI_VALUE=2097000
RCC.PLLCLKFreq_Value=24000000
RCC.PWRFreq_Value=2097000
RCC.RTCFreq_Value=37000
RCC.RTCHSEDivFreq_Value=4000000
RCC.SYSCLKFreq_VALUE=2097000
RCC.TIMFreq_Value=2097000
RCC.USART1Freq_Value=2097000
RCC.USART2Freq_Value=2097000
RCC.VCOOutputFreq_Value=48000000
RCC.WatchDogFreq_Value=37000
TIM3.IPParameters=Period
TIM3.Period=1572
USART2.IPParameters=WordLength
USART2.WordLength=UART_WORDLENGTH_8B
USART4.IPParameters=WordLength
USART4.WordLength=UART_WORDLENGTH_8B
VP_FREERTOS_VS_ENABLE.Mode=Enabled
VP_FREERTOS_VS_ENABLE.Signal=FREERTOS_VS_ENABLE
VP_SYS_VS_Systick.Mode=SysTick
VP_SYS_VS_Systick.Signal=SYS_VS_Systick
VP_TIM3_VS_ClockSourceINT.Mode=Internal
VP_TIM3_VS_ClockSourceINT.Signal=TIM3_VS_ClockSourceINT
board=demo
